
Microsoft Visual Studio Solution File, Format Version 12.00
# Visual Studio Version 17
VisualStudioVersion = 17.1.31911.260
MinimumVisualStudioVersion = 10.0.40219.1
Project("{9A19103F-16F7-4668-BE54-9A1E7A4F7556}") = "ProxyAutoConfiguration", "ProxyAutoConfiguration\ProxyAutoConfiguration.csproj", "{19F3481E-3B49-4284-B6F6-EC12DDFDBAAD}"
EndProject
Global
	GlobalSection(SolutionConfigurationPlatforms) = preSolution
		Debug|Any CPU = Debug|Any CPU
		Release|Any CPU = Release|Any CPU
	EndGlobalSection
	GlobalSection(ProjectConfigurationPlatforms) = postSolution
		{19F3481E-3B49-4284-B6F6-EC12DDFDBAAD}.Debug|Any CPU.ActiveCfg = Debug|Any CPU
		{19F3481E-3B49-4284-B6F6-EC12DDFDBAAD}.Debug|Any CPU.Build.0 = Debug|Any CPU
		{19F3481E-3B49-4284-B6F6-EC12DDFDBAAD}.Release|Any CPU.ActiveCfg = Release|Any CPU
		{19F3481E-3B49-4284-B6F6-EC12DDFDBAAD}.Release|Any CPU.Build.0 = Release|Any CPU
	EndGlobalSection
	GlobalSection(SolutionProperties) = preSolution
		HideSolutionNode = FALSE
	EndGlobalSection
	GlobalSection(ExtensibilityGlobals) = postSolution
		SolutionGuid = {10EEFE38-D15E-46CD-A58A-51A9D4E51CC6}
	EndGlobalSection
EndGlobal
